
Microsoft Visual Studio Solution File, Format Version 12.00
# Visual Studio Version 17
VisualStudioVersion = 17.5.002.0
MinimumVisualStudioVersion = 10.0.40219.1
Project("{2150E333-8FDC-42A3-9474-1A3956D46DE8}") = "backend", "backend", "{C8709A20-977E-4423-8675-E38540E1A3BD}"
EndProject
Project("{9A19103F-16F7-4668-BE54-9A1E7A4F7556}") = "api", "backend\api\api.csproj", "{CA6AE168-0EE2-4125-BD64-852D692CF79C}"
EndProject
Global
	GlobalSection(SolutionConfigurationPlatforms) = preSolution
		Debug|Any CPU = Debug|Any CPU
		Release|Any CPU = Release|Any CPU
	EndGlobalSection
	GlobalSection(ProjectConfigurationPlatforms) = postSolution
		{CA6AE168-0EE2-4125-BD64-852D692CF79C}.Debug|Any CPU.ActiveCfg = Debug|Any CPU
		{CA6AE168-0EE2-4125-BD64-852D692CF79C}.Debug|Any CPU.Build.0 = Debug|Any CPU
		{CA6AE168-0EE2-4125-BD64-852D692CF79C}.Release|Any CPU.ActiveCfg = Release|Any CPU
		{CA6AE168-0EE2-4125-BD64-852D692CF79C}.Release|Any CPU.Build.0 = Release|Any CPU
	EndGlobalSection
	GlobalSection(SolutionProperties) = preSolution
		HideSolutionNode = FALSE
	EndGlobalSection
	GlobalSection(NestedProjects) = preSolution
		{CA6AE168-0EE2-4125-BD64-852D692CF79C} = {C8709A20-977E-4423-8675-E38540E1A3BD}
	EndGlobalSection
	GlobalSection(ExtensibilityGlobals) = postSolution
		SolutionGuid = {E65CF4C9-F0BA-4506-B1BC-B31473EF8B62}
	EndGlobalSection
EndGlobal
